
Microsoft Visual Studio Solution File, Format Version 12.00
# Visual Studio Version 17
VisualStudioVersion = 17.3.32929.385
MinimumVisualStudioVersion = 10.0.40219.1
Project("{FAE04EC0-301F-11D3-BF4B-00C04F79EFBC}") = "HorseManager2022", "HorseManager2022\HorseManager2022.csproj", "{A916CFAC-7E7E-4D8E-AA17-2084CDF3DC56}"
EndProject
Global
	GlobalSection(SolutionConfigurationPlatforms) = preSolution
		Debug|Any CPU = Debug|Any CPU
		Release|Any CPU = Release|Any CPU
	EndGlobalSection
	GlobalSection(ProjectConfigurationPlatforms) = postSolution
		{A916CFAC-7E7E-4D8E-AA17-2084CDF3DC56}.Debug|Any CPU.ActiveCfg = Debug|Any CPU
		{A916CFAC-7E7E-4D8E-AA17-2084CDF3DC56}.Debug|Any CPU.Build.0 = Debug|Any CPU
		{A916CFAC-7E7E-4D8E-AA17-2084CDF3DC56}.Release|Any CPU.ActiveCfg = Release|Any CPU
		{A916CFAC-7E7E-4D8E-AA17-2084CDF3DC56}.Release|Any CPU.Build.0 = Release|Any CPU
	EndGlobalSection
	GlobalSection(SolutionProperties) = preSolution
		HideSolutionNode = FALSE
	EndGlobalSection
	GlobalSection(ExtensibilityGlobals) = postSolution
		SolutionGuid = {6D62B005-C64B-4C5A-A846-DE8B77D8878A}
	EndGlobalSection
EndGlobal
